
Microsoft Visual Studio Solution File, Format Version 12.00
# Visual Studio 15
VisualStudioVersion = 15.0.28307.168
MinimumVisualStudioVersion = 10.0.40219.1
Project("{9A19103F-16F7-4668-BE54-9A1E7A4F7556}") = "EnterpriseBot", "EnterpriseBot\EnterpriseBot.csproj", "{BF442870-08E9-4678-8065-D937B1579988}"
EndProject
Project("{9A19103F-16F7-4668-BE54-9A1E7A4F7556}") = "Microsoft.Bot.Solutions", "microsoft.bot.solutions\Microsoft.Bot.Solutions.csproj", "{AD2379A5-A34B-4CC0-8F6E-7BDE4FC30A69}"
EndProject
Global
	GlobalSection(SolutionConfigurationPlatforms) = preSolution
		Debug|Any CPU = Debug|Any CPU
		Release|Any CPU = Release|Any CPU
	EndGlobalSection
	GlobalSection(ProjectConfigurationPlatforms) = postSolution
		{BF442870-08E9-4678-8065-D937B1579988}.Debug|Any CPU.ActiveCfg = Debug|Any CPU
		{BF442870-08E9-4678-8065-D937B1579988}.Debug|Any CPU.Build.0 = Debug|Any CPU
		{BF442870-08E9-4678-8065-D937B1579988}.Release|Any CPU.ActiveCfg = Release|Any CPU
		{BF442870-08E9-4678-8065-D937B1579988}.Release|Any CPU.Build.0 = Release|Any CPU
		{AD2379A5-A34B-4CC0-8F6E-7BDE4FC30A69}.Debug|Any CPU.ActiveCfg = Debug|Any CPU
		{AD2379A5-A34B-4CC0-8F6E-7BDE4FC30A69}.Debug|Any CPU.Build.0 = Debug|Any CPU
		{AD2379A5-A34B-4CC0-8F6E-7BDE4FC30A69}.Release|Any CPU.ActiveCfg = Release|Any CPU
		{AD2379A5-A34B-4CC0-8F6E-7BDE4FC30A69}.Release|Any CPU.Build.0 = Release|Any CPU
	EndGlobalSection
	GlobalSection(SolutionProperties) = preSolution
		HideSolutionNode = FALSE
	EndGlobalSection
	GlobalSection(ExtensibilityGlobals) = postSolution
		SolutionGuid = {9F31712C-91E4-4F33-9BC6-E45A7BEB534A}
	EndGlobalSection
EndGlobal
